
Microsoft Visual Studio Solution File, Format Version 12.00
# Visual Studio Version 17
VisualStudioVersion = 17.11.35312.102
MinimumVisualStudioVersion = 10.0.40219.1
Project("{9A19103F-16F7-4668-BE54-9A1E7A4F7556}") = "Lab6", "Lab6.csproj", "{CA3F3C98-DBB2-4B52-9ADC-BD5C1F31C656}"
EndProject
Global
	GlobalSection(SolutionConfigurationPlatforms) = preSolution
		Debug|Any CPU = Debug|Any CPU
		Release|Any CPU = Release|Any CPU
	EndGlobalSection
	GlobalSection(ProjectConfigurationPlatforms) = postSolution
		{CA3F3C98-DBB2-4B52-9ADC-BD5C1F31C656}.Debug|Any CPU.ActiveCfg = Debug|Any CPU
		{CA3F3C98-DBB2-4B52-9ADC-BD5C1F31C656}.Debug|Any CPU.Build.0 = Debug|Any CPU
		{CA3F3C98-DBB2-4B52-9ADC-BD5C1F31C656}.Release|Any CPU.ActiveCfg = Release|Any CPU
		{CA3F3C98-DBB2-4B52-9ADC-BD5C1F31C656}.Release|Any CPU.Build.0 = Release|Any CPU
	EndGlobalSection
	GlobalSection(SolutionProperties) = preSolution
		HideSolutionNode = FALSE
	EndGlobalSection
	GlobalSection(ExtensibilityGlobals) = postSolution
		SolutionGuid = {C190AB20-9BAD-411E-9A1E-F7D5F2EAC2A3}
	EndGlobalSection
EndGlobal
