
Microsoft Visual Studio Solution File, Format Version 12.00
# Visual Studio Version 17
VisualStudioVersion = 17.11.35312.102
MinimumVisualStudioVersion = 10.0.40219.1
Project("{FAE04EC0-301F-11D3-BF4B-00C04F79EFBC}") = "Lab6.Tests", "Lab6.Tests.csproj", "{0DF41863-F2C0-4D21-97AF-AD2C12CCEE46}"
EndProject
Global
	GlobalSection(SolutionConfigurationPlatforms) = preSolution
		Debug|Any CPU = Debug|Any CPU
		Release|Any CPU = Release|Any CPU
	EndGlobalSection
	GlobalSection(ProjectConfigurationPlatforms) = postSolution
		{0DF41863-F2C0-4D21-97AF-AD2C12CCEE46}.Debug|Any CPU.ActiveCfg = Debug|Any CPU
		{0DF41863-F2C0-4D21-97AF-AD2C12CCEE46}.Debug|Any CPU.Build.0 = Debug|Any CPU
		{0DF41863-F2C0-4D21-97AF-AD2C12CCEE46}.Release|Any CPU.ActiveCfg = Release|Any CPU
		{0DF41863-F2C0-4D21-97AF-AD2C12CCEE46}.Release|Any CPU.Build.0 = Release|Any CPU
	EndGlobalSection
	GlobalSection(SolutionProperties) = preSolution
		HideSolutionNode = FALSE
	EndGlobalSection
	GlobalSection(ExtensibilityGlobals) = postSolution
		SolutionGuid = {46151A1B-DFF7-402B-9A78-16A8C0764DAB}
	EndGlobalSection
EndGlobal
