
Microsoft Visual Studio Solution File, Format Version 12.00
# Visual Studio Version 17
VisualStudioVersion = 17.11.35312.102
MinimumVisualStudioVersion = 10.0.40219.1
Project("{FAE04EC0-301F-11D3-BF4B-00C04F79EFBC}") = "Lab5", "Lab5.csproj", "{623E1421-780C-414C-91C0-72CD44DD39A7}"
EndProject
Global
	GlobalSection(SolutionConfigurationPlatforms) = preSolution
		Debug|Any CPU = Debug|Any CPU
		Release|Any CPU = Release|Any CPU
	EndGlobalSection
	GlobalSection(ProjectConfigurationPlatforms) = postSolution
		{623E1421-780C-414C-91C0-72CD44DD39A7}.Debug|Any CPU.ActiveCfg = Debug|Any CPU
		{623E1421-780C-414C-91C0-72CD44DD39A7}.Debug|Any CPU.Build.0 = Debug|Any CPU
		{623E1421-780C-414C-91C0-72CD44DD39A7}.Release|Any CPU.ActiveCfg = Release|Any CPU
		{623E1421-780C-414C-91C0-72CD44DD39A7}.Release|Any CPU.Build.0 = Release|Any CPU
	EndGlobalSection
	GlobalSection(SolutionProperties) = preSolution
		HideSolutionNode = FALSE
	EndGlobalSection
	GlobalSection(ExtensibilityGlobals) = postSolution
		SolutionGuid = {C583DDE6-E437-41F9-8B6A-B5B9AB0AA2EC}
	EndGlobalSection
EndGlobal
