
Microsoft Visual Studio Solution File, Format Version 12.00
# Visual Studio Version 17
VisualStudioVersion = 17.11.35312.102
MinimumVisualStudioVersion = 10.0.40219.1
Project("{FAE04EC0-301F-11D3-BF4B-00C04F79EFBC}") = "Lab4", "Lab4.csproj", "{82CDA369-B9B0-428B-87C5-BDB6CC6D5A1F}"
EndProject
Project("{FAE04EC0-301F-11D3-BF4B-00C04F79EFBC}") = "LabsLibrary", "..\LabsLibrary\LabsLibrary.csproj", "{3E546361-98F4-4BA7-9929-E86A77544FB7}"
EndProject
Project("{9A19103F-16F7-4668-BE54-9A1E7A4F7556}") = "DocumentUtils", "..\DocumentUtils\DocumentUtils.csproj", "{9A91F1B7-3D0D-41DA-9938-67D6CBA69131}"
EndProject
Global
	GlobalSection(SolutionConfigurationPlatforms) = preSolution
		Debug|Any CPU = Debug|Any CPU
		Release|Any CPU = Release|Any CPU
	EndGlobalSection
	GlobalSection(ProjectConfigurationPlatforms) = postSolution
		{82CDA369-B9B0-428B-87C5-BDB6CC6D5A1F}.Debug|Any CPU.ActiveCfg = Debug|Any CPU
		{82CDA369-B9B0-428B-87C5-BDB6CC6D5A1F}.Debug|Any CPU.Build.0 = Debug|Any CPU
		{82CDA369-B9B0-428B-87C5-BDB6CC6D5A1F}.Release|Any CPU.ActiveCfg = Release|Any CPU
		{82CDA369-B9B0-428B-87C5-BDB6CC6D5A1F}.Release|Any CPU.Build.0 = Release|Any CPU
		{3E546361-98F4-4BA7-9929-E86A77544FB7}.Debug|Any CPU.ActiveCfg = Debug|Any CPU
		{3E546361-98F4-4BA7-9929-E86A77544FB7}.Debug|Any CPU.Build.0 = Debug|Any CPU
		{3E546361-98F4-4BA7-9929-E86A77544FB7}.Release|Any CPU.ActiveCfg = Release|Any CPU
		{3E546361-98F4-4BA7-9929-E86A77544FB7}.Release|Any CPU.Build.0 = Release|Any CPU
		{9A91F1B7-3D0D-41DA-9938-67D6CBA69131}.Debug|Any CPU.ActiveCfg = Debug|Any CPU
		{9A91F1B7-3D0D-41DA-9938-67D6CBA69131}.Debug|Any CPU.Build.0 = Debug|Any CPU
		{9A91F1B7-3D0D-41DA-9938-67D6CBA69131}.Release|Any CPU.ActiveCfg = Release|Any CPU
		{9A91F1B7-3D0D-41DA-9938-67D6CBA69131}.Release|Any CPU.Build.0 = Release|Any CPU
	EndGlobalSection
	GlobalSection(SolutionProperties) = preSolution
		HideSolutionNode = FALSE
	EndGlobalSection
	GlobalSection(ExtensibilityGlobals) = postSolution
		SolutionGuid = {B6041330-46A5-4881-A600-9F27A0FCFEAC}
	EndGlobalSection
EndGlobal
